schema: '2.0'
stages:
  data_ingestion:
    cmd: python src/CNNclassifier/pipeline/stage_01_data_ingestion.py
    deps:
    - path: config/config.yaml
      hash: md5
      md5: 4083f5a5f855278db150d0c716474876
      size: 789
    - path: src/CNNclassifier/pipeline/stage_01_data_ingestion.py
      hash: md5
      md5: 163793185d819c00417d68cc0d38a5b2
      size: 884
    outs:
    - path: artifacts/data_ingestion
      hash: md5
      md5: dc128727ef3b8250adb4e5a2675acf16.dir
      size: 51810653
      nfiles: 802
  prepare_base_model:
    cmd: python src/CNNclassifier/pipeline/stage_02_prepare_base_model.py
    deps:
    - path: config/config.yaml
      hash: md5
      md5: 4083f5a5f855278db150d0c716474876
      size: 789
    - path: src/CNNclassifier/pipeline/stage_02_prepare_base_model.py
      hash: md5
      md5: cca59e1e987c93e1faa3919d26d61fae
      size: 961
    params:
      params.yaml:
        CLASSES: 3
        IMAGE_SIZE:
        - 224
        - 224
        - 3
        INCLUDE_TOP: false
        LEARNING_RATE: 0.01
        WEIGHTS: imagenet
    outs:
    - path: artifacts/prepare_base_model
      hash: md5
      md5: 1eec400456626ea85064ce96f4dfbdcf.dir
      size: 118154912
      nfiles: 2
  training:
    cmd: python src/CNNclassifier/pipeline/stage_03_training.py
    deps:
    - path: artifacts/data_ingestion/chicken_data
      hash: md5
      md5: 6d3cb56c700dca2167eaba3acc9b6c34.dir
      size: 26439008
      nfiles: 801
    - path: artifacts/prepare_base_model
      hash: md5
      md5: 1eec400456626ea85064ce96f4dfbdcf.dir
      size: 118154912
      nfiles: 2
    - path: config/config.yaml
      hash: md5
      md5: 4083f5a5f855278db150d0c716474876
      size: 789
    - path: src/CNNclassifier/components/prepare_callbacks.py
      hash: md5
      md5: abffde1ec76820bae3ffbce5f37efd0c
      size: 980
    - path: src/CNNclassifier/pipeline/stage_03_training.py
      hash: md5
      md5: 076af4ca67545ce84b2696a83dbd33a5
      size: 1230
    params:
      params.yaml:
        AUGMENTATION: true
        BATCH_SIZE: 16
        EPOCHS: 20
        IMAGE_SIZE:
        - 224
        - 224
        - 3
    outs:
    - path: artifacts/training/model.h5
      hash: md5
      md5: 9bb827291cf3e594d0519f2aadffec90
      size: 59538224
  evaluation:
    cmd: python src/CNNclassifier/pipeline/stage_04_evaluation.py
    deps:
    - path: artifacts/data_ingestion/chicken_data
      hash: md5
      md5: 6d3cb56c700dca2167eaba3acc9b6c34.dir
      size: 26439008
      nfiles: 801
    - path: artifacts/training/model.h5
      hash: md5
      md5: 9bb827291cf3e594d0519f2aadffec90
      size: 59538224
    - path: config/config.yaml
      hash: md5
      md5: 4083f5a5f855278db150d0c716474876
      size: 789
    - path: src/CNNclassifier/pipeline/stage_04_evaluation.py
      hash: md5
      md5: f3cb35b4376f4a155791b00943583b1c
      size: 812
    params:
      params.yaml:
        BATCH_SIZE: 16
        IMAGE_SIZE:
        - 224
        - 224
        - 3
    outs:
    - path: score.json
      hash: md5
      md5: 2aa21307a69d0abbde422406c6c0c49d
      size: 73
